// !$*UTF8*$!
{
	archiveVersion = 1;
	classes = {
	};
	objectVersion = 46;
	objects = {

/* Begin PBXFileReference section */
		A56114791EDC1532009FC08E /* Interfaces.h */ = {isa = PBXFileReference; lastKnownFileType = sourcecode.c.h; path = Interfaces.h; sourceTree = "<group>"; };
		A561147A1EDC1532009FC08E /* Makefile */ = {isa = PBXFileReference; lastKnownFileType = sourcecode.make; path = Makefile; sourceTree = "<group>"; };
		A561147B1EDC1532009FC08E /* Tweak.xm */ = {isa = PBXFileReference; lastKnownFileType = text; path = Tweak.xm; sourceTree = "<group>"; };
		A586CC5A1EDCE85F0052B02F /* SNSettingsViewController.h */ = {isa = PBXFileReference; lastKnownFileType = sourcecode.c.h; path = SNSettingsViewController.h; sourceTree = "<group>"; };
		A586CC5B1EDCE85F0052B02F /* SNSettingsViewController.mm */ = {isa = PBXFileReference; lastKnownFileType = sourcecode.cpp.objcpp; path = SNSettingsViewController.mm; sourceTree = "<group>"; };
		A586CC5D1EDCE8780052B02F /* FriendmojiListController.h */ = {isa = PBXFileReference; lastKnownFileType = sourcecode.c.h; path = FriendmojiListController.h; sourceTree = "<group>"; };
		A586CC5E1EDCE8780052B02F /* FriendmojiListController.m */ = {isa = PBXFileReference; lastKnownFileType = sourcecode.c.objc; path = FriendmojiListController.m; sourceTree = "<group>"; };
		A586CC5F1EDCE8780052B02F /* FriendmojiTableDataSource.h */ = {isa = PBXFileReference; lastKnownFileType = sourcecode.c.h; path = FriendmojiTableDataSource.h; sourceTree = "<group>"; };
		A586CC601EDCE8780052B02F /* FriendmojiTableDataSource.m */ = {isa = PBXFileReference; lastKnownFileType = sourcecode.c.objc; path = FriendmojiTableDataSource.m; sourceTree = "<group>"; };
/* End PBXFileReference section */

/* Begin PBXGroup section */
		A561146E1EDC1511009FC08E = {
			isa = PBXGroup;
			children = (
				A56114791EDC1532009FC08E /* Interfaces.h */,
				A586CC5A1EDCE85F0052B02F /* SNSettingsViewController.h */,
				A586CC5B1EDCE85F0052B02F /* SNSettingsViewController.mm */,
				A561147A1EDC1532009FC08E /* Makefile */,
				A561147B1EDC1532009FC08E /* Tweak.xm */,
				A586CC5C1EDCE8780052B02F /* Friendmojilist */,
			);
			sourceTree = "<group>";
		};
		A586CC5C1EDCE8780052B02F /* Friendmojilist */ = {
			isa = PBXGroup;
			children = (
				A586CC5D1EDCE8780052B02F /* FriendmojiListController.h */,
				A586CC5E1EDCE8780052B02F /* FriendmojiListController.m */,
				A586CC5F1EDCE8780052B02F /* FriendmojiTableDataSource.h */,
				A586CC601EDCE8780052B02F /* FriendmojiTableDataSource.m */,
			);
			path = Friendmojilist;
			sourceTree = "<group>";
		};
/* End PBXGroup section */

/* Begin PBXLegacyTarget section */
		A56114731EDC1511009FC08E /* StreakNotify-jailed */ = {
			isa = PBXLegacyTarget;
			buildArgumentsString = "$(ACTION)";
			buildConfigurationList = A56114761EDC1511009FC08E /* Build configuration list for PBXLegacyTarget "StreakNotify-jailed" */;
			buildPhases = (
			);
			buildToolPath = /usr/bin/make;
			dependencies = (
			);
			name = "StreakNotify-jailed";
			passBuildSettingsInEnvironment = 1;
			productName = "StreakNotify-jailed";
		};
/* End PBXLegacyTarget section */

/* Begin PBXProject section */
		A561146F1EDC1511009FC08E /* Project object */ = {
			isa = PBXProject;
			attributes = {
				LastUpgradeCheck = 0830;
				ORGANIZATIONNAME = "Ilhan Raja";
				TargetAttributes = {
					A56114731EDC1511009FC08E = {
						CreatedOnToolsVersion = 8.3.2;
						ProvisioningStyle = Automatic;
					};
				};
			};
			buildConfigurationList = A56114721EDC1511009FC08E /* Build configuration list for PBXProject "StreakNotify-jailed" */;
			compatibilityVersion = "Xcode 3.2";
			developmentRegion = English;
			hasScannedForEncodings = 0;
			knownRegions = (
				en,
			);
			mainGroup = A561146E1EDC1511009FC08E;
			projectDirPath = "";
			projectRoot = "";
			targets = (
				A56114731EDC1511009FC08E /* StreakNotify-jailed */,
			);
		};
/* End PBXProject section */

/* Begin XCBuildConfiguration section */
		A56114741EDC1511009FC08E /* Debug */ = {
			isa = XCBuildConfiguration;
			buildSettings = {
				ALWAYS_SEARCH_USER_PATHS = NO;
				CLANG_ANALYZER_NONNULL = YES;
				CLANG_ANALYZER_NUMBER_OBJECT_CONVERSION = YES_AGGRESSIVE;
				CLANG_CXX_LANGUAGE_STANDARD = "gnu++0x";
				CLANG_CXX_LIBRARY = "libc++";
				CLANG_ENABLE_MODULES = YES;
				CLANG_ENABLE_OBJC_ARC = YES;
				CLANG_WARN_BOOL_CONVERSION = YES;
				CLANG_WARN_CONSTANT_CONVERSION = YES;
				CLANG_WARN_DIRECT_OBJC_ISA_USAGE = YES_ERROR;
				CLANG_WARN_DOCUMENTATION_COMMENTS = YES;
				CLANG_WARN_EMPTY_BODY = YES;
				CLANG_WARN_ENUM_CONVERSION = YES;
				CLANG_WARN_INFINITE_RECURSION = YES;
				CLANG_WARN_INT_CONVERSION = YES;
				CLANG_WARN_OBJC_ROOT_CLASS = YES_ERROR;
				CLANG_WARN_SUSPICIOUS_MOVE = YES;
				CLANG_WARN_UNREACHABLE_CODE = YES;
				CLANG_WARN__DUPLICATE_METHOD_MATCH = YES;
				COPY_PHASE_STRIP = NO;
				DEBUG_INFORMATION_FORMAT = dwarf;
				ENABLE_STRICT_OBJC_MSGSEND = YES;
				ENABLE_TESTABILITY = YES;
				GCC_C_LANGUAGE_STANDARD = gnu99;
				GCC_DYNAMIC_NO_PIC = NO;
				GCC_NO_COMMON_BLOCKS = YES;
				GCC_OPTIMIZATION_LEVEL = 0;
				GCC_PREPROCESSOR_DEFINITIONS = (
					"DEBUG=1",
					"$(inherited)",
				);
				GCC_WARN_64_TO_32_BIT_CONVERSION = YES;
				GCC_WARN_ABOUT_RETURN_TYPE = YES_ERROR;
				GCC_WARN_UNDECLARED_SELECTOR = YES;
				GCC_WARN_UNINITIALIZED_AUTOS = YES_AGGRESSIVE;
				GCC_WARN_UNUSED_FUNCTION = YES;
				GCC_WARN_UNUSED_VARIABLE = YES;
				MTL_ENABLE_DEBUG_INFO = YES;
				ONLY_ACTIVE_ARCH = YES;
			};
			name = Debug;
		};
		A56114751EDC1511009FC08E /* Release */ = {
			isa = XCBuildConfiguration;
			buildSettings = {
				ALWAYS_SEARCH_USER_PATHS = NO;
				CLANG_ANALYZER_NONNULL = YES;
				CLANG_ANALYZER_NUMBER_OBJECT_CONVERSION = YES_AGGRESSIVE;
				CLANG_CXX_LANGUAGE_STANDARD = "gnu++0x";
				CLANG_CXX_LIBRARY = "libc++";
				CLANG_ENABLE_MODULES = YES;
				CLANG_ENABLE_OBJC_ARC = YES;
				CLANG_WARN_BOOL_CONVERSION = YES;
				CLANG_WARN_CONSTANT_CONVERSION = YES;
				CLANG_WARN_DIRECT_OBJC_ISA_USAGE = YES_ERROR;
				CLANG_WARN_DOCUMENTATION_COMMENTS = YES;
				CLANG_WARN_EMPTY_BODY = YES;
				CLANG_WARN_ENUM_CONVERSION = YES;
				CLANG_WARN_INFINITE_RECURSION = YES;
				CLANG_WARN_INT_CONVERSION = YES;
				CLANG_WARN_OBJC_ROOT_CLASS = YES_ERROR;
				CLANG_WARN_SUSPICIOUS_MOVE = YES;
				CLANG_WARN_UNREACHABLE_CODE = YES;
				CLANG_WARN__DUPLICATE_METHOD_MATCH = YES;
				COPY_PHASE_STRIP = NO;
				DEBUG_INFORMATION_FORMAT = "dwarf-with-dsym";
				ENABLE_NS_ASSERTIONS = NO;
				ENABLE_STRICT_OBJC_MSGSEND = YES;
				GCC_C_LANGUAGE_STANDARD = gnu99;
				GCC_NO_COMMON_BLOCKS = YES;
				GCC_WARN_64_TO_32_BIT_CONVERSION = YES;
				GCC_WARN_ABOUT_RETURN_TYPE = YES_ERROR;
				GCC_WARN_UNDECLARED_SELECTOR = YES;
				GCC_WARN_UNINITIALIZED_AUTOS = YES_AGGRESSIVE;
				GCC_WARN_UNUSED_FUNCTION = YES;
				GCC_WARN_UNUSED_VARIABLE = YES;
				MTL_ENABLE_DEBUG_INFO = NO;
			};
			name = Release;
		};
		A56114771EDC1511009FC08E /* Debug */ = {
			isa = XCBuildConfiguration;
			buildSettings = {
				DEBUGGING_SYMBOLS = YES;
				DEBUG_INFORMATION_FORMAT = dwarf;
				GCC_GENERATE_DEBUGGING_SYMBOLS = YES;
				GCC_OPTIMIZATION_LEVEL = 0;
				OTHER_CFLAGS = "";
				OTHER_LDFLAGS = "";
				PRODUCT_NAME = "$(TARGET_NAME)";
			};
			name = Debug;
		};
		A56114781EDC1511009FC08E /* Release */ = {
			isa = XCBuildConfiguration;
			buildSettings = {
				DEBUG_INFORMATION_FORMAT = "dwarf-with-dsym";
				OTHER_CFLAGS = "";
				OTHER_LDFLAGS = "";
				PRODUCT_NAME = "$(TARGET_NAME)";
			};
			name = Release;
		};
/* End XCBuildConfiguration section */

/* Begin XCConfigurationList section */
		A56114721EDC1511009FC08E /* Build configuration list for PBXProject "StreakNotify-jailed" */ = {
			isa = XCConfigurationList;
			buildConfigurations = (
				A56114741EDC1511009FC08E /* Debug */,
				A56114751EDC1511009FC08E /* Release */,
			);
			defaultConfigurationIsVisible = 0;
			defaultConfigurationName = Release;
		};
		A56114761EDC1511009FC08E /* Build configuration list for PBXLegacyTarget "StreakNotify-jailed" */ = {
			isa = XCConfigurationList;
			buildConfigurations = (
				A56114771EDC1511009FC08E /* Debug */,
				A56114781EDC1511009FC08E /* Release */,
			);
			defaultConfigurationIsVisible = 0;
			defaultConfigurationName = Release;
		};
/* End XCConfigurationList section */
	};
	rootObject = A561146F1EDC1511009FC08E /* Project object */;
}
